
Microsoft Visual Studio Solution File, Format Version 12.00
# Visual Studio Version 16
VisualStudioVersion = 16.0.30717.126
MinimumVisualStudioVersion = 10.0.40219.1
Project("{FAE04EC0-301F-11D3-BF4B-00C04F79EFBC}") = "magnifier", "magnifier\magnifier.csproj", "{891FAFD8-E3CC-46D5-AC46-0CC2D557FAE1}"
EndProject
Project("{FAE04EC0-301F-11D3-BF4B-00C04F79EFBC}") = "searchcore", "searchcore\searchcore.csproj", "{FB33E3A3-1823-43F2-A33C-50B09652AFE2}"
EndProject
Project("{FAE04EC0-301F-11D3-BF4B-00C04F79EFBC}") = "searchcore_testhost", "searchcore_testhost\searchcore_testhost.csproj", "{304E8982-74E2-4630-8D7E-63343ED68154}"
EndProject
Global
	GlobalSection(SolutionConfigurationPlatforms) = preSolution
		Debug|Any CPU = Debug|Any CPU
		Debug|ARM = Debug|ARM
		Debug|ARM64 = Debug|ARM64
		Debug|x64 = Debug|x64
		Debug|x86 = Debug|x86
		Release|Any CPU = Release|Any CPU
		Release|ARM = Release|ARM
		Release|ARM64 = Release|ARM64
		Release|x64 = Release|x64
		Release|x86 = Release|x86
	EndGlobalSection
	GlobalSection(ProjectConfigurationPlatforms) = postSolution
		{891FAFD8-E3CC-46D5-AC46-0CC2D557FAE1}.Debug|Any CPU.ActiveCfg = Debug|x86
		{891FAFD8-E3CC-46D5-AC46-0CC2D557FAE1}.Debug|ARM.ActiveCfg = Debug|ARM
		{891FAFD8-E3CC-46D5-AC46-0CC2D557FAE1}.Debug|ARM.Build.0 = Debug|ARM
		{891FAFD8-E3CC-46D5-AC46-0CC2D557FAE1}.Debug|ARM.Deploy.0 = Debug|ARM
		{891FAFD8-E3CC-46D5-AC46-0CC2D557FAE1}.Debug|ARM64.ActiveCfg = Debug|ARM64
		{891FAFD8-E3CC-46D5-AC46-0CC2D557FAE1}.Debug|ARM64.Build.0 = Debug|ARM64
		{891FAFD8-E3CC-46D5-AC46-0CC2D557FAE1}.Debug|ARM64.Deploy.0 = Debug|ARM64
		{891FAFD8-E3CC-46D5-AC46-0CC2D557FAE1}.Debug|x64.ActiveCfg = Debug|x64
		{891FAFD8-E3CC-46D5-AC46-0CC2D557FAE1}.Debug|x64.Build.0 = Debug|x64
		{891FAFD8-E3CC-46D5-AC46-0CC2D557FAE1}.Debug|x64.Deploy.0 = Debug|x64
		{891FAFD8-E3CC-46D5-AC46-0CC2D557FAE1}.Debug|x86.ActiveCfg = Debug|x86
		{891FAFD8-E3CC-46D5-AC46-0CC2D557FAE1}.Debug|x86.Build.0 = Debug|x86
		{891FAFD8-E3CC-46D5-AC46-0CC2D557FAE1}.Debug|x86.Deploy.0 = Debug|x86
		{891FAFD8-E3CC-46D5-AC46-0CC2D557FAE1}.Release|Any CPU.ActiveCfg = Release|x86
		{891FAFD8-E3CC-46D5-AC46-0CC2D557FAE1}.Release|ARM.ActiveCfg = Release|ARM
		{891FAFD8-E3CC-46D5-AC46-0CC2D557FAE1}.Release|ARM.Build.0 = Release|ARM
		{891FAFD8-E3CC-46D5-AC46-0CC2D557FAE1}.Release|ARM.Deploy.0 = Release|ARM
		{891FAFD8-E3CC-46D5-AC46-0CC2D557FAE1}.Release|ARM64.ActiveCfg = Release|ARM64
		{891FAFD8-E3CC-46D5-AC46-0CC2D557FAE1}.Release|ARM64.Build.0 = Release|ARM64
		{891FAFD8-E3CC-46D5-AC46-0CC2D557FAE1}.Release|ARM64.Deploy.0 = Release|ARM64
		{891FAFD8-E3CC-46D5-AC46-0CC2D557FAE1}.Release|x64.ActiveCfg = Release|x64
		{891FAFD8-E3CC-46D5-AC46-0CC2D557FAE1}.Release|x64.Build.0 = Release|x64
		{891FAFD8-E3CC-46D5-AC46-0CC2D557FAE1}.Release|x64.Deploy.0 = Release|x64
		{891FAFD8-E3CC-46D5-AC46-0CC2D557FAE1}.Release|x86.ActiveCfg = Release|x86
		{891FAFD8-E3CC-46D5-AC46-0CC2D557FAE1}.Release|x86.Build.0 = Release|x86
		{891FAFD8-E3CC-46D5-AC46-0CC2D557FAE1}.Release|x86.Deploy.0 = Release|x86
		{FB33E3A3-1823-43F2-A33C-50B09652AFE2}.Debug|Any CPU.ActiveCfg = Debug|Any CPU
		{FB33E3A3-1823-43F2-A33C-50B09652AFE2}.Debug|Any CPU.Build.0 = Debug|Any CPU
		{FB33E3A3-1823-43F2-A33C-50B09652AFE2}.Debug|ARM.ActiveCfg = Debug|Any CPU
		{FB33E3A3-1823-43F2-A33C-50B09652AFE2}.Debug|ARM.Build.0 = Debug|Any CPU
		{FB33E3A3-1823-43F2-A33C-50B09652AFE2}.Debug|ARM64.ActiveCfg = Debug|Any CPU
		{FB33E3A3-1823-43F2-A33C-50B09652AFE2}.Debug|ARM64.Build.0 = Debug|Any CPU
		{FB33E3A3-1823-43F2-A33C-50B09652AFE2}.Debug|x64.ActiveCfg = Debug|Any CPU
		{FB33E3A3-1823-43F2-A33C-50B09652AFE2}.Debug|x64.Build.0 = Debug|Any CPU
		{FB33E3A3-1823-43F2-A33C-50B09652AFE2}.Debug|x86.ActiveCfg = Debug|Any CPU
		{FB33E3A3-1823-43F2-A33C-50B09652AFE2}.Debug|x86.Build.0 = Debug|Any CPU
		{FB33E3A3-1823-43F2-A33C-50B09652AFE2}.Release|Any CPU.ActiveCfg = Release|Any CPU
		{FB33E3A3-1823-43F2-A33C-50B09652AFE2}.Release|Any CPU.Build.0 = Release|Any CPU
		{FB33E3A3-1823-43F2-A33C-50B09652AFE2}.Release|ARM.ActiveCfg = Release|Any CPU
		{FB33E3A3-1823-43F2-A33C-50B09652AFE2}.Release|ARM.Build.0 = Release|Any CPU
		{FB33E3A3-1823-43F2-A33C-50B09652AFE2}.Release|ARM64.ActiveCfg = Release|Any CPU
		{FB33E3A3-1823-43F2-A33C-50B09652AFE2}.Release|ARM64.Build.0 = Release|Any CPU
		{FB33E3A3-1823-43F2-A33C-50B09652AFE2}.Release|x64.ActiveCfg = Release|Any CPU
		{FB33E3A3-1823-43F2-A33C-50B09652AFE2}.Release|x64.Build.0 = Release|Any CPU
		{FB33E3A3-1823-43F2-A33C-50B09652AFE2}.Release|x86.ActiveCfg = Release|Any CPU
		{FB33E3A3-1823-43F2-A33C-50B09652AFE2}.Release|x86.Build.0 = Release|Any CPU
		{304E8982-74E2-4630-8D7E-63343ED68154}.Debug|Any CPU.ActiveCfg = Debug|Any CPU
		{304E8982-74E2-4630-8D7E-63343ED68154}.Debug|Any CPU.Build.0 = Debug|Any CPU
		{304E8982-74E2-4630-8D7E-63343ED68154}.Debug|ARM.ActiveCfg = Debug|Any CPU
		{304E8982-74E2-4630-8D7E-63343ED68154}.Debug|ARM.Build.0 = Debug|Any CPU
		{304E8982-74E2-4630-8D7E-63343ED68154}.Debug|ARM64.ActiveCfg = Debug|Any CPU
		{304E8982-74E2-4630-8D7E-63343ED68154}.Debug|ARM64.Build.0 = Debug|Any CPU
		{304E8982-74E2-4630-8D7E-63343ED68154}.Debug|x64.ActiveCfg = Debug|Any CPU
		{304E8982-74E2-4630-8D7E-63343ED68154}.Debug|x64.Build.0 = Debug|Any CPU
		{304E8982-74E2-4630-8D7E-63343ED68154}.Debug|x86.ActiveCfg = Debug|Any CPU
		{304E8982-74E2-4630-8D7E-63343ED68154}.Debug|x86.Build.0 = Debug|Any CPU
		{304E8982-74E2-4630-8D7E-63343ED68154}.Release|Any CPU.ActiveCfg = Release|Any CPU
		{304E8982-74E2-4630-8D7E-63343ED68154}.Release|Any CPU.Build.0 = Release|Any CPU
		{304E8982-74E2-4630-8D7E-63343ED68154}.Release|ARM.ActiveCfg = Release|Any CPU
		{304E8982-74E2-4630-8D7E-63343ED68154}.Release|ARM.Build.0 = Release|Any CPU
		{304E8982-74E2-4630-8D7E-63343ED68154}.Release|ARM64.ActiveCfg = Release|Any CPU
		{304E8982-74E2-4630-8D7E-63343ED68154}.Release|ARM64.Build.0 = Release|Any CPU
		{304E8982-74E2-4630-8D7E-63343ED68154}.Release|x64.ActiveCfg = Release|Any CPU
		{304E8982-74E2-4630-8D7E-63343ED68154}.Release|x64.Build.0 = Release|Any CPU
		{304E8982-74E2-4630-8D7E-63343ED68154}.Release|x86.ActiveCfg = Release|Any CPU
		{304E8982-74E2-4630-8D7E-63343ED68154}.Release|x86.Build.0 = Release|Any CPU
	EndGlobalSection
	GlobalSection(SolutionProperties) = preSolution
		HideSolutionNode = FALSE
	EndGlobalSection
	GlobalSection(ExtensibilityGlobals) = postSolution
		SolutionGuid = {E005E74F-31CE-4A08-BBC5-F5E3444A7A10}
	EndGlobalSection
EndGlobal
